
Microsoft Visual Studio Solution File, Format Version 12.00
# Visual Studio Version 16
VisualStudioVersion = 16.0.31129.286
MinimumVisualStudioVersion = 10.0.40219.1
Project("{FAE04EC0-301F-11D3-BF4B-00C04F79EFBC}") = "exam", "exam\exam.csproj", "{2E65D727-E86E-41E8-A007-B19DC8CB95BC}"
EndProject
Global
	GlobalSection(SolutionConfigurationPlatforms) = preSolution
		Debug|Any CPU = Debug|Any CPU
		Release|Any CPU = Release|Any CPU
	EndGlobalSection
	GlobalSection(ProjectConfigurationPlatforms) = postSolution
		{2E65D727-E86E-41E8-A007-B19DC8CB95BC}.Debug|Any CPU.ActiveCfg = Debug|Any CPU
		{2E65D727-E86E-41E8-A007-B19DC8CB95BC}.Debug|Any CPU.Build.0 = Debug|Any CPU
		{2E65D727-E86E-41E8-A007-B19DC8CB95BC}.Release|Any CPU.ActiveCfg = Release|Any CPU
		{2E65D727-E86E-41E8-A007-B19DC8CB95BC}.Release|Any CPU.Build.0 = Release|Any CPU
	EndGlobalSection
	GlobalSection(SolutionProperties) = preSolution
		HideSolutionNode = FALSE
	EndGlobalSection
	GlobalSection(ExtensibilityGlobals) = postSolution
		SolutionGuid = {E06355C4-E2CB-4F3B-AB18-B5C58ED5E5B6}
	EndGlobalSection
EndGlobal
